
Microsoft Visual Studio Solution File, Format Version 11.00
# Visual Studio 2010
Project("{FAE04EC0-301F-11D3-BF4B-00C04F79EFBC}") = "Assembly-CSharp", "Assembly-CSharp.csproj", "{3731AF6A-A02D-F150-6604-D2BA9FE269E0}"
EndProject
Project("{FAE04EC0-301F-11D3-BF4B-00C04F79EFBC}") = "Assembly-CSharp-Editor", "Assembly-CSharp-Editor.csproj", "{DCD7F844-0CFA-C8D6-ED9C-32FCB0AA7393}"
EndProject
Global
	GlobalSection(SolutionConfigurationPlatforms) = preSolution
		Debug|Any CPU = Debug|Any CPU
		Release|Any CPU = Release|Any CPU
	EndGlobalSection
	GlobalSection(ProjectConfigurationPlatforms) = postSolution
		{3731AF6A-A02D-F150-6604-D2BA9FE269E0}.Debug|Any CPU.ActiveCfg = Debug|Any CPU
		{3731AF6A-A02D-F150-6604-D2BA9FE269E0}.Debug|Any CPU.Build.0 = Debug|Any CPU
		{3731AF6A-A02D-F150-6604-D2BA9FE269E0}.Release|Any CPU.ActiveCfg = Release|Any CPU
		{3731AF6A-A02D-F150-6604-D2BA9FE269E0}.Release|Any CPU.Build.0 = Release|Any CPU
		{DCD7F844-0CFA-C8D6-ED9C-32FCB0AA7393}.Debug|Any CPU.ActiveCfg = Debug|Any CPU
		{DCD7F844-0CFA-C8D6-ED9C-32FCB0AA7393}.Debug|Any CPU.Build.0 = Debug|Any CPU
		{DCD7F844-0CFA-C8D6-ED9C-32FCB0AA7393}.Release|Any CPU.ActiveCfg = Release|Any CPU
		{DCD7F844-0CFA-C8D6-ED9C-32FCB0AA7393}.Release|Any CPU.Build.0 = Release|Any CPU
	EndGlobalSection
	GlobalSection(SolutionProperties) = preSolution
		HideSolutionNode = FALSE
	EndGlobalSection
	GlobalSection(MonoDevelopProperties) = preSolution
		StartupItem = Assembly-CSharp.csproj
	EndGlobalSection
EndGlobal
